// !$*UTF8*$!
{
	archiveVersion = 1;
	classes = {
	};
	objectVersion = 46;
	objects = {

/* Begin PBXBuildFile section */
		3F27AB2C1C1B72DD002DC485 /* libopencv_imgproc.2.4.12.dylib in Frameworks */ = {isa = PBXBuildFile; fileRef = 3F27AB291C1B72DD002DC485 /* libopencv_imgproc.2.4.12.dylib */; };
		3F27AB2D1C1B72DD002DC485 /* libopencv_highgui.2.4.12.dylib in Frameworks */ = {isa = PBXBuildFile; fileRef = 3F27AB2A1C1B72DD002DC485 /* libopencv_highgui.2.4.12.dylib */; };
		3F27AB2E1C1B72DD002DC485 /* libopencv_core.2.4.12.dylib in Frameworks */ = {isa = PBXBuildFile; fileRef = 3F27AB2B1C1B72DD002DC485 /* libopencv_core.2.4.12.dylib */; };
		3F7633531BDED92500179377 /* main.cpp in Sources */ = {isa = PBXBuildFile; fileRef = 3F7633521BDED92500179377 /* main.cpp */; };
		3F7633611BDED9CA00179377 /* libopencv_video.2.4.12.dylib in Frameworks */ = {isa = PBXBuildFile; fileRef = 3F7633601BDED9CA00179377 /* libopencv_video.2.4.12.dylib */; };
/* End PBXBuildFile section */

/* Begin PBXCopyFilesBuildPhase section */
		3F76334D1BDED92500179377 /* CopyFiles */ = {
			isa = PBXCopyFilesBuildPhase;
			buildActionMask = 2147483647;
			dstPath = /usr/share/man/man1/;
			dstSubfolderSpec = 0;
			files = (
			);
			runOnlyForDeploymentPostprocessing = 1;
		};
/* End PBXCopyFilesBuildPhase section */

/* Begin PBXFileReference section */
		3F27AB291C1B72DD002DC485 /* libopencv_imgproc.2.4.12.dylib */ = {isa = PBXFileReference; lastKnownFileType = "compiled.mach-o.dylib"; name = libopencv_imgproc.2.4.12.dylib; path = "/Users/student/Desktop/CV Canal/../../../../usr/local/Cellar/opencv/2.4.12/lib/libopencv_imgproc.2.4.12.dylib"; sourceTree = "<absolute>"; };
		3F27AB2A1C1B72DD002DC485 /* libopencv_highgui.2.4.12.dylib */ = {isa = PBXFileReference; lastKnownFileType = "compiled.mach-o.dylib"; name = libopencv_highgui.2.4.12.dylib; path = "/Users/student/Desktop/CV Canal/../../../../usr/local/Cellar/opencv/2.4.12/lib/libopencv_highgui.2.4.12.dylib"; sourceTree = "<absolute>"; };
		3F27AB2B1C1B72DD002DC485 /* libopencv_core.2.4.12.dylib */ = {isa = PBXFileReference; lastKnownFileType = "compiled.mach-o.dylib"; name = libopencv_core.2.4.12.dylib; path = "/Users/student/Desktop/CV Canal/../../../../usr/local/Cellar/opencv/2.4.12/lib/libopencv_core.2.4.12.dylib"; sourceTree = "<absolute>"; };
		3F76334F1BDED92500179377 /* ColorSegmentation */ = {isa = PBXFileReference; explicitFileType = "compiled.mach-o.executable"; includeInIndex = 0; path = ColorSegmentation; sourceTree = BUILT_PRODUCTS_DIR; };
		3F7633521BDED92500179377 /* main.cpp */ = {isa = PBXFileReference; lastKnownFileType = sourcecode.cpp.cpp; path = main.cpp; sourceTree = "<group>"; };
		3F7633601BDED9CA00179377 /* libopencv_video.2.4.12.dylib */ = {isa = PBXFileReference; lastKnownFileType = "compiled.mach-o.dylib"; name = libopencv_video.2.4.12.dylib; path = /usr/local/Cellar/opencv/2.4.12/lib/libopencv_video.2.4.12.dylib; sourceTree = "<absolute>"; };
/* End PBXFileReference section */

/* Begin PBXFrameworksBuildPhase section */
		3F76334C1BDED92500179377 /* Frameworks */ = {
			isa = PBXFrameworksBuildPhase;
			buildActionMask = 2147483647;
			files = (
				3F27AB2E1C1B72DD002DC485 /* libopencv_core.2.4.12.dylib in Frameworks */,
				3F27AB2C1C1B72DD002DC485 /* libopencv_imgproc.2.4.12.dylib in Frameworks */,
				3F7633611BDED9CA00179377 /* libopencv_video.2.4.12.dylib in Frameworks */,
				3F27AB2D1C1B72DD002DC485 /* libopencv_highgui.2.4.12.dylib in Frameworks */,
			);
			runOnlyForDeploymentPostprocessing = 0;
		};
/* End PBXFrameworksBuildPhase section */

/* Begin PBXGroup section */
		3F7633461BDED92500179377 = {
			isa = PBXGroup;
			children = (
				3F76335C1BDED96200179377 /* OpenCV Frameworks */,
				3F7633511BDED92500179377 /* ColorSegmentation */,
				3F7633501BDED92500179377 /* Products */,
			);
			sourceTree = "<group>";
		};
		3F7633501BDED92500179377 /* Products */ = {
			isa = PBXGroup;
			children = (
				3F76334F1BDED92500179377 /* ColorSegmentation */,
			);
			name = Products;
			sourceTree = "<group>";
		};
		3F7633511BDED92500179377 /* ColorSegmentation */ = {
			isa = PBXGroup;
			children = (
				3F7633521BDED92500179377 /* main.cpp */,
			);
			path = ColorSegmentation;
			sourceTree = "<group>";
		};
		3F76335C1BDED96200179377 /* OpenCV Frameworks */ = {
			isa = PBXGroup;
			children = (
				3F7633601BDED9CA00179377 /* libopencv_video.2.4.12.dylib */,
				3F27AB291C1B72DD002DC485 /* libopencv_imgproc.2.4.12.dylib */,
				3F27AB2A1C1B72DD002DC485 /* libopencv_highgui.2.4.12.dylib */,
				3F27AB2B1C1B72DD002DC485 /* libopencv_core.2.4.12.dylib */,
			);
			name = "OpenCV Frameworks";
			path = "/Users/student/Desktop/RetrieveFrame/../CV Canal";
			sourceTree = "<absolute>";
		};
/* End PBXGroup section */

/* Begin PBXNativeTarget section */
		3F76334E1BDED92500179377 /* ColorSegmentation */ = {
			isa = PBXNativeTarget;
			buildConfigurationList = 3F7633561BDED92500179377 /* Build configuration list for PBXNativeTarget "ColorSegmentation" */;
			buildPhases = (
				3F76334B1BDED92500179377 /* Sources */,
				3F76334C1BDED92500179377 /* Frameworks */,
				3F76334D1BDED92500179377 /* CopyFiles */,
			);
			buildRules = (
			);
			dependencies = (
			);
			name = ColorSegmentation;
			productName = ColorSegmentation;
			productReference = 3F76334F1BDED92500179377 /* ColorSegmentation */;
			productType = "com.apple.product-type.tool";
		};
/* End PBXNativeTarget section */

/* Begin PBXProject section */
		3F7633471BDED92500179377 /* Project object */ = {
			isa = PBXProject;
			attributes = {
				LastUpgradeCheck = 0630;
				ORGANIZATIONNAME = Student;
				TargetAttributes = {
					3F76334E1BDED92500179377 = {
						CreatedOnToolsVersion = 6.3.2;
					};
				};
			};
			buildConfigurationList = 3F76334A1BDED92500179377 /* Build configuration list for PBXProject "ColorSegmentation" */;
			compatibilityVersion = "Xcode 3.2";
			developmentRegion = English;
			hasScannedForEncodings = 0;
			knownRegions = (
				en,
			);
			mainGroup = 3F7633461BDED92500179377;
			productRefGroup = 3F7633501BDED92500179377 /* Products */;
			projectDirPath = "";
			projectRoot = "";
			targets = (
				3F76334E1BDED92500179377 /* ColorSegmentation */,
			);
		};
/* End PBXProject section */

/* Begin PBXSourcesBuildPhase section */
		3F76334B1BDED92500179377 /* Sources */ = {
			isa = PBXSourcesBuildPhase;
			buildActionMask = 2147483647;
			files = (
				3F7633531BDED92500179377 /* main.cpp in Sources */,
			);
			runOnlyForDeploymentPostprocessing = 0;
		};
/* End PBXSourcesBuildPhase section */

/* Begin XCBuildConfiguration section */
		3F7633541BDED92500179377 /* Debug */ = {
			isa = XCBuildConfiguration;
			buildSettings = {
				ALWAYS_SEARCH_USER_PATHS = NO;
				CLANG_CXX_LANGUAGE_STANDARD = "gnu++0x";
				CLANG_CXX_LIBRARY = "libc++";
				CLANG_ENABLE_MODULES = YES;
				CLANG_ENABLE_OBJC_ARC = YES;
				CLANG_WARN_BOOL_CONVERSION = YES;
				CLANG_WARN_CONSTANT_CONVERSION = YES;
				CLANG_WARN_DIRECT_OBJC_ISA_USAGE = YES_ERROR;
				CLANG_WARN_EMPTY_BODY = YES;
				CLANG_WARN_ENUM_CONVERSION = YES;
				CLANG_WARN_INT_CONVERSION = YES;
				CLANG_WARN_OBJC_ROOT_CLASS = YES_ERROR;
				CLANG_WARN_UNREACHABLE_CODE = YES;
				CLANG_WARN__DUPLICATE_METHOD_MATCH = YES;
				COPY_PHASE_STRIP = NO;
				DEBUG_INFORMATION_FORMAT = dwarf;
				ENABLE_STRICT_OBJC_MSGSEND = YES;
				GCC_C_LANGUAGE_STANDARD = gnu99;
				GCC_DYNAMIC_NO_PIC = NO;
				GCC_NO_COMMON_BLOCKS = YES;
				GCC_OPTIMIZATION_LEVEL = 0;
				GCC_PREPROCESSOR_DEFINITIONS = (
					"DEBUG=1",
					"$(inherited)",
				);
				GCC_SYMBOLS_PRIVATE_EXTERN = NO;
				GCC_WARN_64_TO_32_BIT_CONVERSION = YES;
				GCC_WARN_ABOUT_RETURN_TYPE = YES_ERROR;
				GCC_WARN_UNDECLARED_SELECTOR = YES;
				GCC_WARN_UNINITIALIZED_AUTOS = YES_AGGRESSIVE;
				GCC_WARN_UNUSED_FUNCTION = YES;
				GCC_WARN_UNUSED_VARIABLE = YES;
				MACOSX_DEPLOYMENT_TARGET = 10.10;
				MTL_ENABLE_DEBUG_INFO = YES;
				ONLY_ACTIVE_ARCH = YES;
				SDKROOT = macosx;
			};
			name = Debug;
		};
		3F7633551BDED92500179377 /* Release */ = {
			isa = XCBuildConfiguration;
			buildSettings = {
				ALWAYS_SEARCH_USER_PATHS = NO;
				CLANG_CXX_LANGUAGE_STANDARD = "gnu++0x";
				CLANG_CXX_LIBRARY = "libc++";
				CLANG_ENABLE_MODULES = YES;
				CLANG_ENABLE_OBJC_ARC = YES;
				CLANG_WARN_BOOL_CONVERSION = YES;
				CLANG_WARN_CONSTANT_CONVERSION = YES;
				CLANG_WARN_DIRECT_OBJC_ISA_USAGE = YES_ERROR;
				CLANG_WARN_EMPTY_BODY = YES;
				CLANG_WARN_ENUM_CONVERSION = YES;
				CLANG_WARN_INT_CONVERSION = YES;
				CLANG_WARN_OBJC_ROOT_CLASS = YES_ERROR;
				CLANG_WARN_UNREACHABLE_CODE = YES;
				CLANG_WARN__DUPLICATE_METHOD_MATCH = YES;
				COPY_PHASE_STRIP = NO;
				DEBUG_INFORMATION_FORMAT = "dwarf-with-dsym";
				ENABLE_NS_ASSERTIONS = NO;
				ENABLE_STRICT_OBJC_MSGSEND = YES;
				GCC_C_LANGUAGE_STANDARD = gnu99;
				GCC_NO_COMMON_BLOCKS = YES;
				GCC_WARN_64_TO_32_BIT_CONVERSION = YES;
				GCC_WARN_ABOUT_RETURN_TYPE = YES_ERROR;
				GCC_WARN_UNDECLARED_SELECTOR = YES;
				GCC_WARN_UNINITIALIZED_AUTOS = YES_AGGRESSIVE;
				GCC_WARN_UNUSED_FUNCTION = YES;
				GCC_WARN_UNUSED_VARIABLE = YES;
				MACOSX_DEPLOYMENT_TARGET = 10.10;
				MTL_ENABLE_DEBUG_INFO = NO;
				SDKROOT = macosx;
			};
			name = Release;
		};
		3F7633571BDED92500179377 /* Debug */ = {
			isa = XCBuildConfiguration;
			buildSettings = {
				HEADER_SEARCH_PATHS = (
					"$(inherited)",
					/Applications/Xcode.app/Contents/Developer/Toolchains/XcodeDefault.xctoolchain/usr/include,
					/usr/local/include,
				);
				LIBRARY_SEARCH_PATHS = (
					"$(inherited)",
					/usr/local/Cellar/opencv/2.4.12/lib,
				);
				PRODUCT_NAME = "$(TARGET_NAME)";
			};
			name = Debug;
		};
		3F7633581BDED92500179377 /* Release */ = {
			isa = XCBuildConfiguration;
			buildSettings = {
				HEADER_SEARCH_PATHS = (
					"$(inherited)",
					/Applications/Xcode.app/Contents/Developer/Toolchains/XcodeDefault.xctoolchain/usr/include,
					/usr/local/include,
				);
				LIBRARY_SEARCH_PATHS = (
					"$(inherited)",
					/usr/local/Cellar/opencv/2.4.12/lib,
				);
				PRODUCT_NAME = "$(TARGET_NAME)";
			};
			name = Release;
		};
/* End XCBuildConfiguration section */

/* Begin XCConfigurationList section */
		3F76334A1BDED92500179377 /* Build configuration list for PBXProject "ColorSegmentation" */ = {
			isa = XCConfigurationList;
			buildConfigurations = (
				3F7633541BDED92500179377 /* Debug */,
				3F7633551BDED92500179377 /* Release */,
			);
			defaultConfigurationIsVisible = 0;
			defaultConfigurationName = Release;
		};
		3F7633561BDED92500179377 /* Build configuration list for PBXNativeTarget "ColorSegmentation" */ = {
			isa = XCConfigurationList;
			buildConfigurations = (
				3F7633571BDED92500179377 /* Debug */,
				3F7633581BDED92500179377 /* Release */,
			);
			defaultConfigurationIsVisible = 0;
			defaultConfigurationName = Release;
		};
/* End XCConfigurationList section */
	};
	rootObject = 3F7633471BDED92500179377 /* Project object */;
}
