// !$*UTF8*$!
{
	archiveVersion = 1;
	classes = {
	};
	objectVersion = 46;
	objects = {

/* Begin PBXBuildFile section */
		3F4CB8DE1BE93B6A004E343C /* main.cpp in Sources */ = {isa = PBXBuildFile; fileRef = 3F4CB8DD1BE93B6A004E343C /* main.cpp */; };
		3F4CB8EA1BE93BBA004E343C /* libopencv_gpu.2.4.12.dylib in Frameworks */ = {isa = PBXBuildFile; fileRef = 3F4CB8E41BE93BBA004E343C /* libopencv_gpu.2.4.12.dylib */; };
		3F4CB8EB1BE93BBA004E343C /* libopencv_video.2.4.12.dylib in Frameworks */ = {isa = PBXBuildFile; fileRef = 3F4CB8E51BE93BBA004E343C /* libopencv_video.2.4.12.dylib */; };
		3F4CB8EC1BE93BBA004E343C /* libopencv_imgproc.2.4.12.dylib in Frameworks */ = {isa = PBXBuildFile; fileRef = 3F4CB8E61BE93BBA004E343C /* libopencv_imgproc.2.4.12.dylib */; };
		3F4CB8ED1BE93BBA004E343C /* libopencv_highgui.2.4.12.dylib in Frameworks */ = {isa = PBXBuildFile; fileRef = 3F4CB8E71BE93BBA004E343C /* libopencv_highgui.2.4.12.dylib */; };
		3F4CB8EE1BE93BBA004E343C /* libopencv_core.2.4.12.dylib in Frameworks */ = {isa = PBXBuildFile; fileRef = 3F4CB8E81BE93BBA004E343C /* libopencv_core.2.4.12.dylib */; };
		3F8E26DE1C04F49E0049C382 /* JenksNaturalBreak.cpp in Sources */ = {isa = PBXBuildFile; fileRef = 3F8E26DC1C04F49E0049C382 /* JenksNaturalBreak.cpp */; };
/* End PBXBuildFile section */

/* Begin PBXCopyFilesBuildPhase section */
		3F4CB8D81BE93B6A004E343C /* CopyFiles */ = {
			isa = PBXCopyFilesBuildPhase;
			buildActionMask = 2147483647;
			dstPath = /usr/share/man/man1/;
			dstSubfolderSpec = 0;
			files = (
			);
			runOnlyForDeploymentPostprocessing = 1;
		};
/* End PBXCopyFilesBuildPhase section */

/* Begin PBXFileReference section */
		3F4CB8DA1BE93B6A004E343C /* SparseOpticalFlow */ = {isa = PBXFileReference; explicitFileType = "compiled.mach-o.executable"; includeInIndex = 0; path = SparseOpticalFlow; sourceTree = BUILT_PRODUCTS_DIR; };
		3F4CB8DD1BE93B6A004E343C /* main.cpp */ = {isa = PBXFileReference; lastKnownFileType = sourcecode.cpp.cpp; path = main.cpp; sourceTree = "<group>"; };
		3F4CB8E41BE93BBA004E343C /* libopencv_gpu.2.4.12.dylib */ = {isa = PBXFileReference; lastKnownFileType = "compiled.mach-o.dylib"; name = libopencv_gpu.2.4.12.dylib; path = /usr/local/Cellar/opencv/2.4.12/lib/libopencv_gpu.2.4.12.dylib; sourceTree = "<absolute>"; };
		3F4CB8E51BE93BBA004E343C /* libopencv_video.2.4.12.dylib */ = {isa = PBXFileReference; lastKnownFileType = "compiled.mach-o.dylib"; name = libopencv_video.2.4.12.dylib; path = /usr/local/Cellar/opencv/2.4.12/lib/libopencv_video.2.4.12.dylib; sourceTree = "<absolute>"; };
		3F4CB8E61BE93BBA004E343C /* libopencv_imgproc.2.4.12.dylib */ = {isa = PBXFileReference; lastKnownFileType = "compiled.mach-o.dylib"; name = libopencv_imgproc.2.4.12.dylib; path = ../../../../usr/local/Cellar/opencv/2.4.12/lib/libopencv_imgproc.2.4.12.dylib; sourceTree = "<group>"; };
		3F4CB8E71BE93BBA004E343C /* libopencv_highgui.2.4.12.dylib */ = {isa = PBXFileReference; lastKnownFileType = "compiled.mach-o.dylib"; name = libopencv_highgui.2.4.12.dylib; path = ../../../../usr/local/Cellar/opencv/2.4.12/lib/libopencv_highgui.2.4.12.dylib; sourceTree = "<group>"; };
		3F4CB8E81BE93BBA004E343C /* libopencv_core.2.4.12.dylib */ = {isa = PBXFileReference; lastKnownFileType = "compiled.mach-o.dylib"; name = libopencv_core.2.4.12.dylib; path = ../../../../usr/local/Cellar/opencv/2.4.12/lib/libopencv_core.2.4.12.dylib; sourceTree = "<group>"; };
		3F8E26C71BFE46E60049C382 /* Miniball.hpp */ = {isa = PBXFileReference; lastKnownFileType = sourcecode.cpp.h; name = Miniball.hpp; path = /Users/student/Desktop/Miniball/Miniball/../../../Downloads/Miniball/Miniball.hpp; sourceTree = "<absolute>"; };
		3F8E26DC1C04F49E0049C382 /* JenksNaturalBreak.cpp */ = {isa = PBXFileReference; fileEncoding = 4; lastKnownFileType = sourcecode.cpp.cpp; path = JenksNaturalBreak.cpp; sourceTree = "<group>"; };
		3F8E26DD1C04F49E0049C382 /* JenksNaturalBreak.hpp */ = {isa = PBXFileReference; fileEncoding = 4; lastKnownFileType = sourcecode.cpp.h; path = JenksNaturalBreak.hpp; sourceTree = "<group>"; };
/* End PBXFileReference section */

/* Begin PBXFrameworksBuildPhase section */
		3F4CB8D71BE93B6A004E343C /* Frameworks */ = {
			isa = PBXFrameworksBuildPhase;
			buildActionMask = 2147483647;
			files = (
				3F4CB8EE1BE93BBA004E343C /* libopencv_core.2.4.12.dylib in Frameworks */,
				3F4CB8EA1BE93BBA004E343C /* libopencv_gpu.2.4.12.dylib in Frameworks */,
				3F4CB8ED1BE93BBA004E343C /* libopencv_highgui.2.4.12.dylib in Frameworks */,
				3F4CB8EB1BE93BBA004E343C /* libopencv_video.2.4.12.dylib in Frameworks */,
				3F4CB8EC1BE93BBA004E343C /* libopencv_imgproc.2.4.12.dylib in Frameworks */,
			);
			runOnlyForDeploymentPostprocessing = 0;
		};
/* End PBXFrameworksBuildPhase section */

/* Begin PBXGroup section */
		3F4CB8D11BE93B6A004E343C = {
			isa = PBXGroup;
			children = (
				3F4CB8E91BE93BBA004E343C /* OpenCV Frameworks */,
				3F4CB8DC1BE93B6A004E343C /* SparseOpticalFlow */,
				3F4CB8DB1BE93B6A004E343C /* Products */,
			);
			sourceTree = "<group>";
		};
		3F4CB8DB1BE93B6A004E343C /* Products */ = {
			isa = PBXGroup;
			children = (
				3F4CB8DA1BE93B6A004E343C /* SparseOpticalFlow */,
			);
			name = Products;
			sourceTree = "<group>";
		};
		3F4CB8DC1BE93B6A004E343C /* SparseOpticalFlow */ = {
			isa = PBXGroup;
			children = (
				3F8E26DC1C04F49E0049C382 /* JenksNaturalBreak.cpp */,
				3F8E26DD1C04F49E0049C382 /* JenksNaturalBreak.hpp */,
				3F8E26C71BFE46E60049C382 /* Miniball.hpp */,
				3F4CB8DD1BE93B6A004E343C /* main.cpp */,
			);
			path = SparseOpticalFlow;
			sourceTree = "<group>";
		};
		3F4CB8E91BE93BBA004E343C /* OpenCV Frameworks */ = {
			isa = PBXGroup;
			children = (
				3F4CB8E41BE93BBA004E343C /* libopencv_gpu.2.4.12.dylib */,
				3F4CB8E51BE93BBA004E343C /* libopencv_video.2.4.12.dylib */,
				3F4CB8E61BE93BBA004E343C /* libopencv_imgproc.2.4.12.dylib */,
				3F4CB8E71BE93BBA004E343C /* libopencv_highgui.2.4.12.dylib */,
				3F4CB8E81BE93BBA004E343C /* libopencv_core.2.4.12.dylib */,
			);
			name = "OpenCV Frameworks";
			path = "/Users/student/Desktop/RetrieveFrame/../CV Canal";
			sourceTree = "<absolute>";
		};
/* End PBXGroup section */

/* Begin PBXNativeTarget section */
		3F4CB8D91BE93B6A004E343C /* SparseOpticalFlow */ = {
			isa = PBXNativeTarget;
			buildConfigurationList = 3F4CB8E11BE93B6A004E343C /* Build configuration list for PBXNativeTarget "SparseOpticalFlow" */;
			buildPhases = (
				3F4CB8D61BE93B6A004E343C /* Sources */,
				3F4CB8D71BE93B6A004E343C /* Frameworks */,
				3F4CB8D81BE93B6A004E343C /* CopyFiles */,
			);
			buildRules = (
			);
			dependencies = (
			);
			name = SparseOpticalFlow;
			productName = SparseOpticalFlow;
			productReference = 3F4CB8DA1BE93B6A004E343C /* SparseOpticalFlow */;
			productType = "com.apple.product-type.tool";
		};
/* End PBXNativeTarget section */

/* Begin PBXProject section */
		3F4CB8D21BE93B6A004E343C /* Project object */ = {
			isa = PBXProject;
			attributes = {
				LastUpgradeCheck = 0710;
				ORGANIZATIONNAME = Student;
				TargetAttributes = {
					3F4CB8D91BE93B6A004E343C = {
						CreatedOnToolsVersion = 7.1;
					};
				};
			};
			buildConfigurationList = 3F4CB8D51BE93B6A004E343C /* Build configuration list for PBXProject "SparseOpticalFlow" */;
			compatibilityVersion = "Xcode 3.2";
			developmentRegion = English;
			hasScannedForEncodings = 0;
			knownRegions = (
				en,
			);
			mainGroup = 3F4CB8D11BE93B6A004E343C;
			productRefGroup = 3F4CB8DB1BE93B6A004E343C /* Products */;
			projectDirPath = "";
			projectRoot = "";
			targets = (
				3F4CB8D91BE93B6A004E343C /* SparseOpticalFlow */,
			);
		};
/* End PBXProject section */

/* Begin PBXSourcesBuildPhase section */
		3F4CB8D61BE93B6A004E343C /* Sources */ = {
			isa = PBXSourcesBuildPhase;
			buildActionMask = 2147483647;
			files = (
				3F4CB8DE1BE93B6A004E343C /* main.cpp in Sources */,
				3F8E26DE1C04F49E0049C382 /* JenksNaturalBreak.cpp in Sources */,
			);
			runOnlyForDeploymentPostprocessing = 0;
		};
/* End PBXSourcesBuildPhase section */

/* Begin XCBuildConfiguration section */
		3F4CB8DF1BE93B6A004E343C /* Debug */ = {
			isa = XCBuildConfiguration;
			buildSettings = {
				ALWAYS_SEARCH_USER_PATHS = NO;
				CLANG_CXX_LANGUAGE_STANDARD = "gnu++0x";
				CLANG_CXX_LIBRARY = "libc++";
				CLANG_ENABLE_MODULES = YES;
				CLANG_ENABLE_OBJC_ARC = YES;
				CLANG_WARN_BOOL_CONVERSION = YES;
				CLANG_WARN_CONSTANT_CONVERSION = YES;
				CLANG_WARN_DIRECT_OBJC_ISA_USAGE = YES_ERROR;
				CLANG_WARN_EMPTY_BODY = YES;
				CLANG_WARN_ENUM_CONVERSION = YES;
				CLANG_WARN_INT_CONVERSION = YES;
				CLANG_WARN_OBJC_ROOT_CLASS = YES_ERROR;
				CLANG_WARN_UNREACHABLE_CODE = YES;
				CLANG_WARN__DUPLICATE_METHOD_MATCH = YES;
				CODE_SIGN_IDENTITY = "-";
				COPY_PHASE_STRIP = NO;
				DEBUG_INFORMATION_FORMAT = dwarf;
				ENABLE_STRICT_OBJC_MSGSEND = YES;
				ENABLE_TESTABILITY = YES;
				GCC_C_LANGUAGE_STANDARD = gnu99;
				GCC_DYNAMIC_NO_PIC = NO;
				GCC_NO_COMMON_BLOCKS = YES;
				GCC_OPTIMIZATION_LEVEL = 0;
				GCC_PREPROCESSOR_DEFINITIONS = (
					"DEBUG=1",
					"$(inherited)",
				);
				GCC_WARN_64_TO_32_BIT_CONVERSION = YES;
				GCC_WARN_ABOUT_RETURN_TYPE = YES_ERROR;
				GCC_WARN_UNDECLARED_SELECTOR = YES;
				GCC_WARN_UNINITIALIZED_AUTOS = YES_AGGRESSIVE;
				GCC_WARN_UNUSED_FUNCTION = YES;
				GCC_WARN_UNUSED_VARIABLE = YES;
				MACOSX_DEPLOYMENT_TARGET = 10.10;
				MTL_ENABLE_DEBUG_INFO = YES;
				ONLY_ACTIVE_ARCH = YES;
				SDKROOT = macosx;
			};
			name = Debug;
		};
		3F4CB8E01BE93B6A004E343C /* Release */ = {
			isa = XCBuildConfiguration;
			buildSettings = {
				ALWAYS_SEARCH_USER_PATHS = NO;
				CLANG_CXX_LANGUAGE_STANDARD = "gnu++0x";
				CLANG_CXX_LIBRARY = "libc++";
				CLANG_ENABLE_MODULES = YES;
				CLANG_ENABLE_OBJC_ARC = YES;
				CLANG_WARN_BOOL_CONVERSION = YES;
				CLANG_WARN_CONSTANT_CONVERSION = YES;
				CLANG_WARN_DIRECT_OBJC_ISA_USAGE = YES_ERROR;
				CLANG_WARN_EMPTY_BODY = YES;
				CLANG_WARN_ENUM_CONVERSION = YES;
				CLANG_WARN_INT_CONVERSION = YES;
				CLANG_WARN_OBJC_ROOT_CLASS = YES_ERROR;
				CLANG_WARN_UNREACHABLE_CODE = YES;
				CLANG_WARN__DUPLICATE_METHOD_MATCH = YES;
				CODE_SIGN_IDENTITY = "-";
				COPY_PHASE_STRIP = NO;
				DEBUG_INFORMATION_FORMAT = "dwarf-with-dsym";
				ENABLE_NS_ASSERTIONS = NO;
				ENABLE_STRICT_OBJC_MSGSEND = YES;
				GCC_C_LANGUAGE_STANDARD = gnu99;
				GCC_NO_COMMON_BLOCKS = YES;
				GCC_WARN_64_TO_32_BIT_CONVERSION = YES;
				GCC_WARN_ABOUT_RETURN_TYPE = YES_ERROR;
				GCC_WARN_UNDECLARED_SELECTOR = YES;
				GCC_WARN_UNINITIALIZED_AUTOS = YES_AGGRESSIVE;
				GCC_WARN_UNUSED_FUNCTION = YES;
				GCC_WARN_UNUSED_VARIABLE = YES;
				MACOSX_DEPLOYMENT_TARGET = 10.10;
				MTL_ENABLE_DEBUG_INFO = NO;
				SDKROOT = macosx;
			};
			name = Release;
		};
		3F4CB8E21BE93B6A004E343C /* Debug */ = {
			isa = XCBuildConfiguration;
			buildSettings = {
				HEADER_SEARCH_PATHS = (
					"$(inherited)",
					/Applications/Xcode.app/Contents/Developer/Toolchains/XcodeDefault.xctoolchain/usr/include,
					/usr/local/include,
				);
				LIBRARY_SEARCH_PATHS = (
					"$(inherited)",
					/usr/local/Cellar/opencv/2.4.12/lib,
				);
				PRODUCT_NAME = "$(TARGET_NAME)";
			};
			name = Debug;
		};
		3F4CB8E31BE93B6A004E343C /* Release */ = {
			isa = XCBuildConfiguration;
			buildSettings = {
				HEADER_SEARCH_PATHS = (
					"$(inherited)",
					/Applications/Xcode.app/Contents/Developer/Toolchains/XcodeDefault.xctoolchain/usr/include,
					/usr/local/include,
				);
				LIBRARY_SEARCH_PATHS = (
					"$(inherited)",
					/usr/local/Cellar/opencv/2.4.12/lib,
				);
				PRODUCT_NAME = "$(TARGET_NAME)";
			};
			name = Release;
		};
/* End XCBuildConfiguration section */

/* Begin XCConfigurationList section */
		3F4CB8D51BE93B6A004E343C /* Build configuration list for PBXProject "SparseOpticalFlow" */ = {
			isa = XCConfigurationList;
			buildConfigurations = (
				3F4CB8DF1BE93B6A004E343C /* Debug */,
				3F4CB8E01BE93B6A004E343C /* Release */,
			);
			defaultConfigurationIsVisible = 0;
			defaultConfigurationName = Release;
		};
		3F4CB8E11BE93B6A004E343C /* Build configuration list for PBXNativeTarget "SparseOpticalFlow" */ = {
			isa = XCConfigurationList;
			buildConfigurations = (
				3F4CB8E21BE93B6A004E343C /* Debug */,
				3F4CB8E31BE93B6A004E343C /* Release */,
			);
			defaultConfigurationIsVisible = 0;
			defaultConfigurationName = Release;
		};
/* End XCConfigurationList section */
	};
	rootObject = 3F4CB8D21BE93B6A004E343C /* Project object */;
}
