// !$*UTF8*$!
{
	archiveVersion = 1;
	classes = {
	};
	objectVersion = 46;
	objects = {

/* Begin PBXBuildFile section */
		3FE767811CCABE0A003D802B /* main.cpp in Sources */ = {isa = PBXBuildFile; fileRef = 3FE767801CCABE0A003D802B /* main.cpp */; };
		3FE7678E1CCABE16003D802B /* libopencv_gpu.2.4.12.dylib in Frameworks */ = {isa = PBXBuildFile; fileRef = 3FE767871CCABE16003D802B /* libopencv_gpu.2.4.12.dylib */; };
		3FE7678F1CCABE16003D802B /* libopencv_video.2.4.12.dylib in Frameworks */ = {isa = PBXBuildFile; fileRef = 3FE767881CCABE16003D802B /* libopencv_video.2.4.12.dylib */; };
		3FE767901CCABE16003D802B /* libopencv_imgproc.2.4.12.dylib in Frameworks */ = {isa = PBXBuildFile; fileRef = 3FE767891CCABE16003D802B /* libopencv_imgproc.2.4.12.dylib */; };
		3FE767911CCABE16003D802B /* libopencv_videostab.2.4.12.dylib in Frameworks */ = {isa = PBXBuildFile; fileRef = 3FE7678A1CCABE16003D802B /* libopencv_videostab.2.4.12.dylib */; };
		3FE767921CCABE16003D802B /* libopencv_highgui.2.4.12.dylib in Frameworks */ = {isa = PBXBuildFile; fileRef = 3FE7678B1CCABE16003D802B /* libopencv_highgui.2.4.12.dylib */; };
		3FE767931CCABE16003D802B /* libopencv_core.2.4.12.dylib in Frameworks */ = {isa = PBXBuildFile; fileRef = 3FE7678C1CCABE16003D802B /* libopencv_core.2.4.12.dylib */; };
/* End PBXBuildFile section */

/* Begin PBXCopyFilesBuildPhase section */
		3FE7677B1CCABE0A003D802B /* CopyFiles */ = {
			isa = PBXCopyFilesBuildPhase;
			buildActionMask = 2147483647;
			dstPath = /usr/share/man/man1/;
			dstSubfolderSpec = 0;
			files = (
			);
			runOnlyForDeploymentPostprocessing = 1;
		};
/* End PBXCopyFilesBuildPhase section */

/* Begin PBXFileReference section */
		3FE7677D1CCABE0A003D802B /* LawMask */ = {isa = PBXFileReference; explicitFileType = "compiled.mach-o.executable"; includeInIndex = 0; path = LawMask; sourceTree = BUILT_PRODUCTS_DIR; };
		3FE767801CCABE0A003D802B /* main.cpp */ = {isa = PBXFileReference; lastKnownFileType = sourcecode.cpp.cpp; path = main.cpp; sourceTree = "<group>"; };
		3FE767871CCABE16003D802B /* libopencv_gpu.2.4.12.dylib */ = {isa = PBXFileReference; lastKnownFileType = "compiled.mach-o.dylib"; name = libopencv_gpu.2.4.12.dylib; path = /usr/local/Cellar/opencv/2.4.12/lib/libopencv_gpu.2.4.12.dylib; sourceTree = "<absolute>"; };
		3FE767881CCABE16003D802B /* libopencv_video.2.4.12.dylib */ = {isa = PBXFileReference; lastKnownFileType = "compiled.mach-o.dylib"; name = libopencv_video.2.4.12.dylib; path = /usr/local/Cellar/opencv/2.4.12/lib/libopencv_video.2.4.12.dylib; sourceTree = "<absolute>"; };
		3FE767891CCABE16003D802B /* libopencv_imgproc.2.4.12.dylib */ = {isa = PBXFileReference; lastKnownFileType = "compiled.mach-o.dylib"; name = libopencv_imgproc.2.4.12.dylib; path = "/Users/student/Desktop/CV Canal/../../../../usr/local/Cellar/opencv/2.4.12/lib/libopencv_imgproc.2.4.12.dylib"; sourceTree = "<absolute>"; };
		3FE7678A1CCABE16003D802B /* libopencv_videostab.2.4.12.dylib */ = {isa = PBXFileReference; lastKnownFileType = "compiled.mach-o.dylib"; name = libopencv_videostab.2.4.12.dylib; path = /usr/local/Cellar/opencv/2.4.12/lib/libopencv_videostab.2.4.12.dylib; sourceTree = "<absolute>"; };
		3FE7678B1CCABE16003D802B /* libopencv_highgui.2.4.12.dylib */ = {isa = PBXFileReference; lastKnownFileType = "compiled.mach-o.dylib"; name = libopencv_highgui.2.4.12.dylib; path = "/Users/student/Desktop/CV Canal/../../../../usr/local/Cellar/opencv/2.4.12/lib/libopencv_highgui.2.4.12.dylib"; sourceTree = "<absolute>"; };
		3FE7678C1CCABE16003D802B /* libopencv_core.2.4.12.dylib */ = {isa = PBXFileReference; lastKnownFileType = "compiled.mach-o.dylib"; name = libopencv_core.2.4.12.dylib; path = "/Users/student/Desktop/CV Canal/../../../../usr/local/Cellar/opencv/2.4.12/lib/libopencv_core.2.4.12.dylib"; sourceTree = "<absolute>"; };
/* End PBXFileReference section */

/* Begin PBXFrameworksBuildPhase section */
		3FE7677A1CCABE0A003D802B /* Frameworks */ = {
			isa = PBXFrameworksBuildPhase;
			buildActionMask = 2147483647;
			files = (
				3FE7678E1CCABE16003D802B /* libopencv_gpu.2.4.12.dylib in Frameworks */,
				3FE7678F1CCABE16003D802B /* libopencv_video.2.4.12.dylib in Frameworks */,
				3FE767931CCABE16003D802B /* libopencv_core.2.4.12.dylib in Frameworks */,
				3FE767911CCABE16003D802B /* libopencv_videostab.2.4.12.dylib in Frameworks */,
				3FE767921CCABE16003D802B /* libopencv_highgui.2.4.12.dylib in Frameworks */,
				3FE767901CCABE16003D802B /* libopencv_imgproc.2.4.12.dylib in Frameworks */,
			);
			runOnlyForDeploymentPostprocessing = 0;
		};
/* End PBXFrameworksBuildPhase section */

/* Begin PBXGroup section */
		3FE767741CCABE0A003D802B = {
			isa = PBXGroup;
			children = (
				3FE7678D1CCABE16003D802B /* OpenCV Frameworks */,
				3FE7677F1CCABE0A003D802B /* LawMask */,
				3FE7677E1CCABE0A003D802B /* Products */,
			);
			sourceTree = "<group>";
		};
		3FE7677E1CCABE0A003D802B /* Products */ = {
			isa = PBXGroup;
			children = (
				3FE7677D1CCABE0A003D802B /* LawMask */,
			);
			name = Products;
			sourceTree = "<group>";
		};
		3FE7677F1CCABE0A003D802B /* LawMask */ = {
			isa = PBXGroup;
			children = (
				3FE767801CCABE0A003D802B /* main.cpp */,
			);
			path = LawMask;
			sourceTree = "<group>";
		};
		3FE7678D1CCABE16003D802B /* OpenCV Frameworks */ = {
			isa = PBXGroup;
			children = (
				3FE767871CCABE16003D802B /* libopencv_gpu.2.4.12.dylib */,
				3FE767881CCABE16003D802B /* libopencv_video.2.4.12.dylib */,
				3FE767891CCABE16003D802B /* libopencv_imgproc.2.4.12.dylib */,
				3FE7678A1CCABE16003D802B /* libopencv_videostab.2.4.12.dylib */,
				3FE7678B1CCABE16003D802B /* libopencv_highgui.2.4.12.dylib */,
				3FE7678C1CCABE16003D802B /* libopencv_core.2.4.12.dylib */,
			);
			name = "OpenCV Frameworks";
			path = "/Users/student/Desktop/RetrieveFrame/../CV Canal";
			sourceTree = "<absolute>";
		};
/* End PBXGroup section */

/* Begin PBXNativeTarget section */
		3FE7677C1CCABE0A003D802B /* LawMask */ = {
			isa = PBXNativeTarget;
			buildConfigurationList = 3FE767841CCABE0A003D802B /* Build configuration list for PBXNativeTarget "LawMask" */;
			buildPhases = (
				3FE767791CCABE0A003D802B /* Sources */,
				3FE7677A1CCABE0A003D802B /* Frameworks */,
				3FE7677B1CCABE0A003D802B /* CopyFiles */,
			);
			buildRules = (
			);
			dependencies = (
			);
			name = LawMask;
			productName = LawMask;
			productReference = 3FE7677D1CCABE0A003D802B /* LawMask */;
			productType = "com.apple.product-type.tool";
		};
/* End PBXNativeTarget section */

/* Begin PBXProject section */
		3FE767751CCABE0A003D802B /* Project object */ = {
			isa = PBXProject;
			attributes = {
				LastUpgradeCheck = 0720;
				ORGANIZATIONNAME = "Ting-Che Lin";
				TargetAttributes = {
					3FE7677C1CCABE0A003D802B = {
						CreatedOnToolsVersion = 7.2;
					};
				};
			};
			buildConfigurationList = 3FE767781CCABE0A003D802B /* Build configuration list for PBXProject "LawMask" */;
			compatibilityVersion = "Xcode 3.2";
			developmentRegion = English;
			hasScannedForEncodings = 0;
			knownRegions = (
				en,
			);
			mainGroup = 3FE767741CCABE0A003D802B;
			productRefGroup = 3FE7677E1CCABE0A003D802B /* Products */;
			projectDirPath = "";
			projectRoot = "";
			targets = (
				3FE7677C1CCABE0A003D802B /* LawMask */,
			);
		};
/* End PBXProject section */

/* Begin PBXSourcesBuildPhase section */
		3FE767791CCABE0A003D802B /* Sources */ = {
			isa = PBXSourcesBuildPhase;
			buildActionMask = 2147483647;
			files = (
				3FE767811CCABE0A003D802B /* main.cpp in Sources */,
			);
			runOnlyForDeploymentPostprocessing = 0;
		};
/* End PBXSourcesBuildPhase section */

/* Begin XCBuildConfiguration section */
		3FE767821CCABE0A003D802B /* Debug */ = {
			isa = XCBuildConfiguration;
			buildSettings = {
				ALWAYS_SEARCH_USER_PATHS = NO;
				CLANG_CXX_LANGUAGE_STANDARD = "gnu++0x";
				CLANG_CXX_LIBRARY = "libc++";
				CLANG_ENABLE_MODULES = YES;
				CLANG_ENABLE_OBJC_ARC = YES;
				CLANG_WARN_BOOL_CONVERSION = YES;
				CLANG_WARN_CONSTANT_CONVERSION = YES;
				CLANG_WARN_DIRECT_OBJC_ISA_USAGE = YES_ERROR;
				CLANG_WARN_EMPTY_BODY = YES;
				CLANG_WARN_ENUM_CONVERSION = YES;
				CLANG_WARN_INT_CONVERSION = YES;
				CLANG_WARN_OBJC_ROOT_CLASS = YES_ERROR;
				CLANG_WARN_UNREACHABLE_CODE = YES;
				CLANG_WARN__DUPLICATE_METHOD_MATCH = YES;
				CODE_SIGN_IDENTITY = "-";
				COPY_PHASE_STRIP = NO;
				DEBUG_INFORMATION_FORMAT = dwarf;
				ENABLE_STRICT_OBJC_MSGSEND = YES;
				ENABLE_TESTABILITY = YES;
				GCC_C_LANGUAGE_STANDARD = gnu99;
				GCC_DYNAMIC_NO_PIC = NO;
				GCC_NO_COMMON_BLOCKS = YES;
				GCC_OPTIMIZATION_LEVEL = 0;
				GCC_PREPROCESSOR_DEFINITIONS = (
					"DEBUG=1",
					"$(inherited)",
				);
				GCC_WARN_64_TO_32_BIT_CONVERSION = YES;
				GCC_WARN_ABOUT_RETURN_TYPE = YES_ERROR;
				GCC_WARN_UNDECLARED_SELECTOR = YES;
				GCC_WARN_UNINITIALIZED_AUTOS = YES_AGGRESSIVE;
				GCC_WARN_UNUSED_FUNCTION = YES;
				GCC_WARN_UNUSED_VARIABLE = YES;
				MACOSX_DEPLOYMENT_TARGET = 10.10;
				MTL_ENABLE_DEBUG_INFO = YES;
				ONLY_ACTIVE_ARCH = YES;
				SDKROOT = macosx;
			};
			name = Debug;
		};
		3FE767831CCABE0A003D802B /* Release */ = {
			isa = XCBuildConfiguration;
			buildSettings = {
				ALWAYS_SEARCH_USER_PATHS = NO;
				CLANG_CXX_LANGUAGE_STANDARD = "gnu++0x";
				CLANG_CXX_LIBRARY = "libc++";
				CLANG_ENABLE_MODULES = YES;
				CLANG_ENABLE_OBJC_ARC = YES;
				CLANG_WARN_BOOL_CONVERSION = YES;
				CLANG_WARN_CONSTANT_CONVERSION = YES;
				CLANG_WARN_DIRECT_OBJC_ISA_USAGE = YES_ERROR;
				CLANG_WARN_EMPTY_BODY = YES;
				CLANG_WARN_ENUM_CONVERSION = YES;
				CLANG_WARN_INT_CONVERSION = YES;
				CLANG_WARN_OBJC_ROOT_CLASS = YES_ERROR;
				CLANG_WARN_UNREACHABLE_CODE = YES;
				CLANG_WARN__DUPLICATE_METHOD_MATCH = YES;
				CODE_SIGN_IDENTITY = "-";
				COPY_PHASE_STRIP = NO;
				DEBUG_INFORMATION_FORMAT = "dwarf-with-dsym";
				ENABLE_NS_ASSERTIONS = NO;
				ENABLE_STRICT_OBJC_MSGSEND = YES;
				GCC_C_LANGUAGE_STANDARD = gnu99;
				GCC_NO_COMMON_BLOCKS = YES;
				GCC_WARN_64_TO_32_BIT_CONVERSION = YES;
				GCC_WARN_ABOUT_RETURN_TYPE = YES_ERROR;
				GCC_WARN_UNDECLARED_SELECTOR = YES;
				GCC_WARN_UNINITIALIZED_AUTOS = YES_AGGRESSIVE;
				GCC_WARN_UNUSED_FUNCTION = YES;
				GCC_WARN_UNUSED_VARIABLE = YES;
				MACOSX_DEPLOYMENT_TARGET = 10.10;
				MTL_ENABLE_DEBUG_INFO = NO;
				SDKROOT = macosx;
			};
			name = Release;
		};
		3FE767851CCABE0A003D802B /* Debug */ = {
			isa = XCBuildConfiguration;
			buildSettings = {
				HEADER_SEARCH_PATHS = (
					"$(inherited)",
					/Applications/Xcode.app/Contents/Developer/Toolchains/XcodeDefault.xctoolchain/usr/include,
					/usr/local/include,
				);
				LIBRARY_SEARCH_PATHS = (
					"$(inherited)",
					/usr/local/Cellar/opencv/2.4.12/lib,
				);
				PRODUCT_NAME = "$(TARGET_NAME)";
			};
			name = Debug;
		};
		3FE767861CCABE0A003D802B /* Release */ = {
			isa = XCBuildConfiguration;
			buildSettings = {
				HEADER_SEARCH_PATHS = (
					"$(inherited)",
					/Applications/Xcode.app/Contents/Developer/Toolchains/XcodeDefault.xctoolchain/usr/include,
					/usr/local/include,
				);
				LIBRARY_SEARCH_PATHS = (
					"$(inherited)",
					/usr/local/Cellar/opencv/2.4.12/lib,
				);
				PRODUCT_NAME = "$(TARGET_NAME)";
			};
			name = Release;
		};
/* End XCBuildConfiguration section */

/* Begin XCConfigurationList section */
		3FE767781CCABE0A003D802B /* Build configuration list for PBXProject "LawMask" */ = {
			isa = XCConfigurationList;
			buildConfigurations = (
				3FE767821CCABE0A003D802B /* Debug */,
				3FE767831CCABE0A003D802B /* Release */,
			);
			defaultConfigurationIsVisible = 0;
			defaultConfigurationName = Release;
		};
		3FE767841CCABE0A003D802B /* Build configuration list for PBXNativeTarget "LawMask" */ = {
			isa = XCConfigurationList;
			buildConfigurations = (
				3FE767851CCABE0A003D802B /* Debug */,
				3FE767861CCABE0A003D802B /* Release */,
			);
			defaultConfigurationIsVisible = 0;
		};
/* End XCConfigurationList section */
	};
	rootObject = 3FE767751CCABE0A003D802B /* Project object */;
}
