// !$*UTF8*$!
{
	archiveVersion = 1;
	classes = {
	};
	objectVersion = 46;
	objects = {

/* Begin PBXBuildFile section */
		3F27AB251C1B72D4002DC485 /* libopencv_video.2.4.12.dylib in Frameworks */ = {isa = PBXBuildFile; fileRef = 3F27AB201C1B72D4002DC485 /* libopencv_video.2.4.12.dylib */; };
		3F27AB261C1B72D4002DC485 /* libopencv_imgproc.2.4.12.dylib in Frameworks */ = {isa = PBXBuildFile; fileRef = 3F27AB211C1B72D4002DC485 /* libopencv_imgproc.2.4.12.dylib */; };
		3F27AB271C1B72D4002DC485 /* libopencv_highgui.2.4.12.dylib in Frameworks */ = {isa = PBXBuildFile; fileRef = 3F27AB221C1B72D4002DC485 /* libopencv_highgui.2.4.12.dylib */; };
		3F27AB281C1B72D4002DC485 /* libopencv_core.2.4.12.dylib in Frameworks */ = {isa = PBXBuildFile; fileRef = 3F27AB231C1B72D4002DC485 /* libopencv_core.2.4.12.dylib */; };
		3FD469A21C1B5C2000319BE8 /* main.cpp in Sources */ = {isa = PBXBuildFile; fileRef = 3FD469A11C1B5C2000319BE8 /* main.cpp */; };
/* End PBXBuildFile section */

/* Begin PBXCopyFilesBuildPhase section */
		3FD4699C1C1B5C2000319BE8 /* CopyFiles */ = {
			isa = PBXCopyFilesBuildPhase;
			buildActionMask = 2147483647;
			dstPath = /usr/share/man/man1/;
			dstSubfolderSpec = 0;
			files = (
			);
			runOnlyForDeploymentPostprocessing = 1;
		};
/* End PBXCopyFilesBuildPhase section */

/* Begin PBXFileReference section */
		3F27AB201C1B72D4002DC485 /* libopencv_video.2.4.12.dylib */ = {isa = PBXFileReference; lastKnownFileType = "compiled.mach-o.dylib"; name = libopencv_video.2.4.12.dylib; path = /usr/local/Cellar/opencv/2.4.12/lib/libopencv_video.2.4.12.dylib; sourceTree = "<absolute>"; };
		3F27AB211C1B72D4002DC485 /* libopencv_imgproc.2.4.12.dylib */ = {isa = PBXFileReference; lastKnownFileType = "compiled.mach-o.dylib"; name = libopencv_imgproc.2.4.12.dylib; path = "/Users/student/Desktop/CV Canal/../../../../usr/local/Cellar/opencv/2.4.12/lib/libopencv_imgproc.2.4.12.dylib"; sourceTree = "<absolute>"; };
		3F27AB221C1B72D4002DC485 /* libopencv_highgui.2.4.12.dylib */ = {isa = PBXFileReference; lastKnownFileType = "compiled.mach-o.dylib"; name = libopencv_highgui.2.4.12.dylib; path = "/Users/student/Desktop/CV Canal/../../../../usr/local/Cellar/opencv/2.4.12/lib/libopencv_highgui.2.4.12.dylib"; sourceTree = "<absolute>"; };
		3F27AB231C1B72D4002DC485 /* libopencv_core.2.4.12.dylib */ = {isa = PBXFileReference; lastKnownFileType = "compiled.mach-o.dylib"; name = libopencv_core.2.4.12.dylib; path = "/Users/student/Desktop/CV Canal/../../../../usr/local/Cellar/opencv/2.4.12/lib/libopencv_core.2.4.12.dylib"; sourceTree = "<absolute>"; };
		3FD4699E1C1B5C2000319BE8 /* GlobalMotionEstimation */ = {isa = PBXFileReference; explicitFileType = "compiled.mach-o.executable"; includeInIndex = 0; path = GlobalMotionEstimation; sourceTree = BUILT_PRODUCTS_DIR; };
		3FD469A11C1B5C2000319BE8 /* main.cpp */ = {isa = PBXFileReference; lastKnownFileType = sourcecode.cpp.cpp; path = main.cpp; sourceTree = "<group>"; };
/* End PBXFileReference section */

/* Begin PBXFrameworksBuildPhase section */
		3FD4699B1C1B5C2000319BE8 /* Frameworks */ = {
			isa = PBXFrameworksBuildPhase;
			buildActionMask = 2147483647;
			files = (
				3F27AB251C1B72D4002DC485 /* libopencv_video.2.4.12.dylib in Frameworks */,
				3F27AB261C1B72D4002DC485 /* libopencv_imgproc.2.4.12.dylib in Frameworks */,
				3F27AB281C1B72D4002DC485 /* libopencv_core.2.4.12.dylib in Frameworks */,
				3F27AB271C1B72D4002DC485 /* libopencv_highgui.2.4.12.dylib in Frameworks */,
			);
			runOnlyForDeploymentPostprocessing = 0;
		};
/* End PBXFrameworksBuildPhase section */

/* Begin PBXGroup section */
		3F27AB241C1B72D4002DC485 /* OpenCV Frameworks */ = {
			isa = PBXGroup;
			children = (
				3F27AB201C1B72D4002DC485 /* libopencv_video.2.4.12.dylib */,
				3F27AB211C1B72D4002DC485 /* libopencv_imgproc.2.4.12.dylib */,
				3F27AB221C1B72D4002DC485 /* libopencv_highgui.2.4.12.dylib */,
				3F27AB231C1B72D4002DC485 /* libopencv_core.2.4.12.dylib */,
			);
			name = "OpenCV Frameworks";
			path = "/Users/student/Desktop/RetrieveFrame/../CV Canal";
			sourceTree = "<absolute>";
		};
		3FD469951C1B5C2000319BE8 = {
			isa = PBXGroup;
			children = (
				3F27AB241C1B72D4002DC485 /* OpenCV Frameworks */,
				3FD469A01C1B5C2000319BE8 /* GlobalMotionEstimation */,
				3FD4699F1C1B5C2000319BE8 /* Products */,
			);
			sourceTree = "<group>";
		};
		3FD4699F1C1B5C2000319BE8 /* Products */ = {
			isa = PBXGroup;
			children = (
				3FD4699E1C1B5C2000319BE8 /* GlobalMotionEstimation */,
			);
			name = Products;
			sourceTree = "<group>";
		};
		3FD469A01C1B5C2000319BE8 /* GlobalMotionEstimation */ = {
			isa = PBXGroup;
			children = (
				3FD469A11C1B5C2000319BE8 /* main.cpp */,
			);
			path = GlobalMotionEstimation;
			sourceTree = "<group>";
		};
/* End PBXGroup section */

/* Begin PBXNativeTarget section */
		3FD4699D1C1B5C2000319BE8 /* GlobalMotionEstimation */ = {
			isa = PBXNativeTarget;
			buildConfigurationList = 3FD469A51C1B5C2000319BE8 /* Build configuration list for PBXNativeTarget "GlobalMotionEstimation" */;
			buildPhases = (
				3FD4699A1C1B5C2000319BE8 /* Sources */,
				3FD4699B1C1B5C2000319BE8 /* Frameworks */,
				3FD4699C1C1B5C2000319BE8 /* CopyFiles */,
			);
			buildRules = (
			);
			dependencies = (
			);
			name = GlobalMotionEstimation;
			productName = GlobalMotionEstimation;
			productReference = 3FD4699E1C1B5C2000319BE8 /* GlobalMotionEstimation */;
			productType = "com.apple.product-type.tool";
		};
/* End PBXNativeTarget section */

/* Begin PBXProject section */
		3FD469961C1B5C2000319BE8 /* Project object */ = {
			isa = PBXProject;
			attributes = {
				LastUpgradeCheck = 0710;
				ORGANIZATIONNAME = Student;
				TargetAttributes = {
					3FD4699D1C1B5C2000319BE8 = {
						CreatedOnToolsVersion = 7.1;
					};
				};
			};
			buildConfigurationList = 3FD469991C1B5C2000319BE8 /* Build configuration list for PBXProject "GlobalMotionEstimation" */;
			compatibilityVersion = "Xcode 3.2";
			developmentRegion = English;
			hasScannedForEncodings = 0;
			knownRegions = (
				en,
			);
			mainGroup = 3FD469951C1B5C2000319BE8;
			productRefGroup = 3FD4699F1C1B5C2000319BE8 /* Products */;
			projectDirPath = "";
			projectRoot = "";
			targets = (
				3FD4699D1C1B5C2000319BE8 /* GlobalMotionEstimation */,
			);
		};
/* End PBXProject section */

/* Begin PBXSourcesBuildPhase section */
		3FD4699A1C1B5C2000319BE8 /* Sources */ = {
			isa = PBXSourcesBuildPhase;
			buildActionMask = 2147483647;
			files = (
				3FD469A21C1B5C2000319BE8 /* main.cpp in Sources */,
			);
			runOnlyForDeploymentPostprocessing = 0;
		};
/* End PBXSourcesBuildPhase section */

/* Begin XCBuildConfiguration section */
		3FD469A31C1B5C2000319BE8 /* Debug */ = {
			isa = XCBuildConfiguration;
			buildSettings = {
				ALWAYS_SEARCH_USER_PATHS = NO;
				CLANG_CXX_LANGUAGE_STANDARD = "gnu++0x";
				CLANG_CXX_LIBRARY = "libc++";
				CLANG_ENABLE_MODULES = YES;
				CLANG_ENABLE_OBJC_ARC = YES;
				CLANG_WARN_BOOL_CONVERSION = YES;
				CLANG_WARN_CONSTANT_CONVERSION = YES;
				CLANG_WARN_DIRECT_OBJC_ISA_USAGE = YES_ERROR;
				CLANG_WARN_EMPTY_BODY = YES;
				CLANG_WARN_ENUM_CONVERSION = YES;
				CLANG_WARN_INT_CONVERSION = YES;
				CLANG_WARN_OBJC_ROOT_CLASS = YES_ERROR;
				CLANG_WARN_UNREACHABLE_CODE = YES;
				CLANG_WARN__DUPLICATE_METHOD_MATCH = YES;
				CODE_SIGN_IDENTITY = "-";
				COPY_PHASE_STRIP = NO;
				DEBUG_INFORMATION_FORMAT = dwarf;
				ENABLE_STRICT_OBJC_MSGSEND = YES;
				ENABLE_TESTABILITY = YES;
				GCC_C_LANGUAGE_STANDARD = gnu99;
				GCC_DYNAMIC_NO_PIC = NO;
				GCC_NO_COMMON_BLOCKS = YES;
				GCC_OPTIMIZATION_LEVEL = 0;
				GCC_PREPROCESSOR_DEFINITIONS = (
					"DEBUG=1",
					"$(inherited)",
				);
				GCC_WARN_64_TO_32_BIT_CONVERSION = YES;
				GCC_WARN_ABOUT_RETURN_TYPE = YES_ERROR;
				GCC_WARN_UNDECLARED_SELECTOR = YES;
				GCC_WARN_UNINITIALIZED_AUTOS = YES_AGGRESSIVE;
				GCC_WARN_UNUSED_FUNCTION = YES;
				GCC_WARN_UNUSED_VARIABLE = YES;
				MACOSX_DEPLOYMENT_TARGET = 10.10;
				MTL_ENABLE_DEBUG_INFO = YES;
				ONLY_ACTIVE_ARCH = YES;
				SDKROOT = macosx;
			};
			name = Debug;
		};
		3FD469A41C1B5C2000319BE8 /* Release */ = {
			isa = XCBuildConfiguration;
			buildSettings = {
				ALWAYS_SEARCH_USER_PATHS = NO;
				CLANG_CXX_LANGUAGE_STANDARD = "gnu++0x";
				CLANG_CXX_LIBRARY = "libc++";
				CLANG_ENABLE_MODULES = YES;
				CLANG_ENABLE_OBJC_ARC = YES;
				CLANG_WARN_BOOL_CONVERSION = YES;
				CLANG_WARN_CONSTANT_CONVERSION = YES;
				CLANG_WARN_DIRECT_OBJC_ISA_USAGE = YES_ERROR;
				CLANG_WARN_EMPTY_BODY = YES;
				CLANG_WARN_ENUM_CONVERSION = YES;
				CLANG_WARN_INT_CONVERSION = YES;
				CLANG_WARN_OBJC_ROOT_CLASS = YES_ERROR;
				CLANG_WARN_UNREACHABLE_CODE = YES;
				CLANG_WARN__DUPLICATE_METHOD_MATCH = YES;
				CODE_SIGN_IDENTITY = "-";
				COPY_PHASE_STRIP = NO;
				DEBUG_INFORMATION_FORMAT = "dwarf-with-dsym";
				ENABLE_NS_ASSERTIONS = NO;
				ENABLE_STRICT_OBJC_MSGSEND = YES;
				GCC_C_LANGUAGE_STANDARD = gnu99;
				GCC_NO_COMMON_BLOCKS = YES;
				GCC_WARN_64_TO_32_BIT_CONVERSION = YES;
				GCC_WARN_ABOUT_RETURN_TYPE = YES_ERROR;
				GCC_WARN_UNDECLARED_SELECTOR = YES;
				GCC_WARN_UNINITIALIZED_AUTOS = YES_AGGRESSIVE;
				GCC_WARN_UNUSED_FUNCTION = YES;
				GCC_WARN_UNUSED_VARIABLE = YES;
				MACOSX_DEPLOYMENT_TARGET = 10.10;
				MTL_ENABLE_DEBUG_INFO = NO;
				SDKROOT = macosx;
			};
			name = Release;
		};
		3FD469A61C1B5C2000319BE8 /* Debug */ = {
			isa = XCBuildConfiguration;
			buildSettings = {
				HEADER_SEARCH_PATHS = (
					"$(inherited)",
					/Applications/Xcode.app/Contents/Developer/Toolchains/XcodeDefault.xctoolchain/usr/include,
					/usr/local/include,
				);
				LIBRARY_SEARCH_PATHS = (
					"$(inherited)",
					/usr/local/Cellar/opencv/2.4.12/lib,
				);
				PRODUCT_NAME = "$(TARGET_NAME)";
			};
			name = Debug;
		};
		3FD469A71C1B5C2000319BE8 /* Release */ = {
			isa = XCBuildConfiguration;
			buildSettings = {
				HEADER_SEARCH_PATHS = (
					"$(inherited)",
					/Applications/Xcode.app/Contents/Developer/Toolchains/XcodeDefault.xctoolchain/usr/include,
					/usr/local/include,
				);
				LIBRARY_SEARCH_PATHS = (
					"$(inherited)",
					/usr/local/Cellar/opencv/2.4.12/lib,
				);
				PRODUCT_NAME = "$(TARGET_NAME)";
			};
			name = Release;
		};
/* End XCBuildConfiguration section */

/* Begin XCConfigurationList section */
		3FD469991C1B5C2000319BE8 /* Build configuration list for PBXProject "GlobalMotionEstimation" */ = {
			isa = XCConfigurationList;
			buildConfigurations = (
				3FD469A31C1B5C2000319BE8 /* Debug */,
				3FD469A41C1B5C2000319BE8 /* Release */,
			);
			defaultConfigurationIsVisible = 0;
			defaultConfigurationName = Release;
		};
		3FD469A51C1B5C2000319BE8 /* Build configuration list for PBXNativeTarget "GlobalMotionEstimation" */ = {
			isa = XCConfigurationList;
			buildConfigurations = (
				3FD469A61C1B5C2000319BE8 /* Debug */,
				3FD469A71C1B5C2000319BE8 /* Release */,
			);
			defaultConfigurationIsVisible = 0;
			defaultConfigurationName = Release;
		};
/* End XCConfigurationList section */
	};
	rootObject = 3FD469961C1B5C2000319BE8 /* Project object */;
}
